
Microsoft Visual Studio Solution File, Format Version 12.00
# Visual Studio Version 17
VisualStudioVersion = 17.9.34616.47
MinimumVisualStudioVersion = 10.0.40219.1
Project("{9A19103F-16F7-4668-BE54-9A1E7A4F7556}") = "OpenIdAuthTest", "OpenIdAuthTest.csproj", "{5457E290-037A-49F9-9382-DEBFE70DD825}"
EndProject
Global
	GlobalSection(SolutionConfigurationPlatforms) = preSolution
		Debug|Any CPU = Debug|Any CPU
		Release|Any CPU = Release|Any CPU
	EndGlobalSection
	GlobalSection(ProjectConfigurationPlatforms) = postSolution
		{5457E290-037A-49F9-9382-DEBFE70DD825}.Debug|Any CPU.ActiveCfg = Debug|Any CPU
		{5457E290-037A-49F9-9382-DEBFE70DD825}.Debug|Any CPU.Build.0 = Debug|Any CPU
		{5457E290-037A-49F9-9382-DEBFE70DD825}.Release|Any CPU.ActiveCfg = Release|Any CPU
		{5457E290-037A-49F9-9382-DEBFE70DD825}.Release|Any CPU.Build.0 = Release|Any CPU
	EndGlobalSection
	GlobalSection(SolutionProperties) = preSolution
		HideSolutionNode = FALSE
	EndGlobalSection
	GlobalSection(ExtensibilityGlobals) = postSolution
		SolutionGuid = {E4735EB1-D58C-49C0-B0EA-0E5796FC555E}
	EndGlobalSection
EndGlobal
